{
  "name": "demo-fake-node-deps",
  "version": "1.0.0",
  "lockfileVersion": 2,
  "requires": true,
  "packages": {
    "": {
      "name": "demo-fake-node-deps",
      "version": "1.0.0",
      "license": "ISC",
      "dependencies": {
        "axios": "^1.7.7",
        "express": "^4.18.2"
      },
      "devDependencies": {
        "jest": "^29.7.0",
        "nock": "^13.5.4",
        "supertest": "^6.3.4"
      }
    }
  },
  "dependencies": {
    "axios": {
      "version": "1.7.7",
      "resolved": "https://registry.npmjs.org/axios/-/axios-1.7.7.tgz",
      "integrity": "sha512-placeholder-axios-integrity",
      "requires": {
        "follow-redirects": "^1.15.0"
      }
    },
    "follow-redirects": {
      "version": "1.15.9",
      "resolved": "https://registry.npmjs.org/follow-redirects/-/follow-redirects-1.15.9.tgz",
      "integrity": "sha512-placeholder-follow-redirects-integrity"
    },
    "express": {
      "version": "4.18.2",
      "resolved": "https://registry.npmjs.org/express/-/express-4.18.2.tgz",
      "integrity": "sha512-placeholder-express-integrity"
    },
    "jest": {
      "version": "29.7.0",
      "resolved": "https://registry.npmjs.org/jest/-/jest-29.7.0.tgz",
      "integrity": "sha512-placeholder-jest-integrity",
      "dev": true
    },
    "nock": {
      "version": "13.5.4",
      "resolved": "https://registry.npmjs.org/nock/-/nock-13.5.4.tgz",
      "integrity": "sha512-placeholder-nock-integrity",
      "dev": true
    },
    "supertest": {
      "version": "6.3.4",
      "resolved": "https://registry.npmjs.org/supertest/-/supertest-6.3.4.tgz",
      "integrity": "sha512-placeholder-supertest-integrity",
      "dev": true
    }
  }
}
